
Microsoft Visual Studio Solution File, Format Version 12.00
# Visual Studio Version 16
VisualStudioVersion = 16.0.29123.88
MinimumVisualStudioVersion = 10.0.40219.1
Project("{FAE04EC0-301F-11D3-BF4B-00C04F79EFBC}") = "FileManager", "FileManager.csproj", "{7F025C09-021E-48DD-9BDD-AC52A9EA18FE}"
EndProject
Global
	GlobalSection(SolutionConfigurationPlatforms) = preSolution
		Debug|Any CPU = Debug|Any CPU
		Release|Any CPU = Release|Any CPU
	EndGlobalSection
	GlobalSection(ProjectConfigurationPlatforms) = postSolution
		{7F025C09-021E-48DD-9BDD-AC52A9EA18FE}.Debug|Any CPU.ActiveCfg = Debug|Any CPU
		{7F025C09-021E-48DD-9BDD-AC52A9EA18FE}.Debug|Any CPU.Build.0 = Debug|Any CPU
		{7F025C09-021E-48DD-9BDD-AC52A9EA18FE}.Release|Any CPU.ActiveCfg = Release|Any CPU
		{7F025C09-021E-48DD-9BDD-AC52A9EA18FE}.Release|Any CPU.Build.0 = Release|Any CPU
	EndGlobalSection
	GlobalSection(SolutionProperties) = preSolution
		HideSolutionNode = FALSE
	EndGlobalSection
	GlobalSection(ExtensibilityGlobals) = postSolution
		SolutionGuid = {36FA4DDA-5703-45D9-B206-CBDDFF4024CE}
	EndGlobalSection
EndGlobal
